
Microsoft Visual Studio Solution File, Format Version 12.00
# Visual Studio Version 16
VisualStudioVersion = 16.0.31702.278
MinimumVisualStudioVersion = 10.0.40219.1
Project("{FAE04EC0-301F-11D3-BF4B-00C04F79EFBC}") = "DevIo.App", "src\DevIo.App\DevIo.App.csproj", "{31D5E3F0-89B4-442F-A9D5-1D5282D4FB17}"
EndProject
Project("{FAE04EC0-301F-11D3-BF4B-00C04F79EFBC}") = "DevIo.Business", "src\DevIo.Bussiness\DevIo.Business.csproj", "{46E7A8C9-323B-4F60-A5D9-EB8CA448D4D0}"
EndProject
Project("{FAE04EC0-301F-11D3-BF4B-00C04F79EFBC}") = "DevIo.Data", "src\DevIo.Data\DevIo.Data.csproj", "{031C5B07-0E71-4D19-911F-981C5301B728}"
EndProject
Global
	GlobalSection(SolutionConfigurationPlatforms) = preSolution
		Debug|Any CPU = Debug|Any CPU
		Release|Any CPU = Release|Any CPU
	EndGlobalSection
	GlobalSection(ProjectConfigurationPlatforms) = postSolution
		{31D5E3F0-89B4-442F-A9D5-1D5282D4FB17}.Debug|Any CPU.ActiveCfg = Debug|Any CPU
		{31D5E3F0-89B4-442F-A9D5-1D5282D4FB17}.Debug|Any CPU.Build.0 = Debug|Any CPU
		{31D5E3F0-89B4-442F-A9D5-1D5282D4FB17}.Release|Any CPU.ActiveCfg = Release|Any CPU
		{31D5E3F0-89B4-442F-A9D5-1D5282D4FB17}.Release|Any CPU.Build.0 = Release|Any CPU
		{46E7A8C9-323B-4F60-A5D9-EB8CA448D4D0}.Debug|Any CPU.ActiveCfg = Debug|Any CPU
		{46E7A8C9-323B-4F60-A5D9-EB8CA448D4D0}.Debug|Any CPU.Build.0 = Debug|Any CPU
		{46E7A8C9-323B-4F60-A5D9-EB8CA448D4D0}.Release|Any CPU.ActiveCfg = Release|Any CPU
		{46E7A8C9-323B-4F60-A5D9-EB8CA448D4D0}.Release|Any CPU.Build.0 = Release|Any CPU
		{031C5B07-0E71-4D19-911F-981C5301B728}.Debug|Any CPU.ActiveCfg = Debug|Any CPU
		{031C5B07-0E71-4D19-911F-981C5301B728}.Debug|Any CPU.Build.0 = Debug|Any CPU
		{031C5B07-0E71-4D19-911F-981C5301B728}.Release|Any CPU.ActiveCfg = Release|Any CPU
		{031C5B07-0E71-4D19-911F-981C5301B728}.Release|Any CPU.Build.0 = Release|Any CPU
	EndGlobalSection
	GlobalSection(SolutionProperties) = preSolution
		HideSolutionNode = FALSE
	EndGlobalSection
	GlobalSection(ExtensibilityGlobals) = postSolution
		SolutionGuid = {5C185302-8CB5-4951-96F1-2419633C47B2}
	EndGlobalSection
EndGlobal
